<?xml version="1.0" encoding="utf-8"?>
<Project ToolsVersion="4.0" xmlns="http://schemas.microsoft.com/developer/msbuild/2003">
  <ItemGroup>
    <Filter Include="Source Files">
      <UniqueIdentifier>{4FC737F1-C7A5-4376-A066-2A32D752A2FF}</UniqueIdentifier>
      <Extensions>cpp;c;cc;cxx;c++;cppm;ixx;def;odl;idl;hpj;bat;asm;asmx</Extensions>
    </Filter>
    <Filter Include="Header Files">
      <UniqueIdentifier>{93995380-89BD-4b04-88EB-625FBE52EBFB}</UniqueIdentifier>
      <Extensions>h;hh;hpp;hxx;h++;hm;inl;inc;ipp;xsd</Extensions>
    </Filter>
    <Filter Include="Resource Files">
      <UniqueIdentifier>{67DA6AB6-F800-4c08-8B7A-83BB121AAD01}</UniqueIdentifier>
      <Extensions>rc;ico;cur;bmp;dlg;rc2;rct;bin;rgs;gif;jpg;jpeg;jpe;resx;tiff;tif;png;wav;mfcribbon-ms</Extensions>
    </Filter>
    <Filter Include="Source Files\view">
      <UniqueIdentifier>{84c9edab-c61d-4cfd-91b6-b1d73ae380bd}</UniqueIdentifier>
    </Filter>
    <Filter Include="Source Files\map">
      <UniqueIdentifier>{f9a01ea8-6d6e-4742-bef8-a6220a622221}</UniqueIdentifier>
    </Filter>
    <Filter Include="Source Files\map\grid">
      <UniqueIdentifier>{9d4286bb-083a-4ddb-97c7-707e5196b4a1}</UniqueIdentifier>
    </Filter>
    <Filter Include="Source Files\controller">
      <UniqueIdentifier>{223d31cc-068d-4302-a2d1-50edf87ee0a1}</UniqueIdentifier>
    </Filter>
    <Filter Include="Source Files\map\mapParser">
      <UniqueIdentifier>{ee2847e5-4299-49d6-85cf-047cc7fe0fc8}</UniqueIdentifier>
    </Filter>
    <Filter Include="Source Files\model">
      <UniqueIdentifier>{cfaa474c-e5b8-4ae4-be5c-3a7cd2ee231f}</UniqueIdentifier>
    </Filter>
    <Filter Include="Source Files\view\camera">
      <UniqueIdentifier>{5f349f58-95cf-4d69-82e6-88444e8e8b23}</UniqueIdentifier>
    </Filter>
    <Filter Include="Source Files\view\GUI">
      <UniqueIdentifier>{1351e9d1-cda9-45a3-8e44-451e639a1145}</UniqueIdentifier>
    </Filter>
  </ItemGroup>
  <ItemGroup>
    <ClCompile Include="Main.cpp">
      <Filter>Source Files</Filter>
    </ClCompile>
    <ClCompile Include="grid.cpp">
      <Filter>Source Files\map\grid</Filter>
    </ClCompile>
    <ClCompile Include="Renderer.cpp">
      <Filter>Source Files\view</Filter>
    </ClCompile>
    <ClCompile Include="Controller.cpp">
      <Filter>Source Files\controller</Filter>
    </ClCompile>
    <ClCompile Include="MapParser.cpp">
      <Filter>Source Files\map\mapParser</Filter>
    </ClCompile>
    <ClCompile Include="Camera.cpp">
      <Filter>Source Files\view\camera</Filter>
    </ClCompile>
    <ClCompile Include="Model.cpp">
      <Filter>Source Files\model</Filter>
    </ClCompile>
    <ClCompile Include="Player.cpp">
      <Filter>Source Files\model</Filter>
    </ClCompile>
    <ClCompile Include="Cell.cpp">
      <Filter>Source Files\map\grid</Filter>
    </ClCompile>
    <ClCompile Include="ImGUI-1.88\imgui.cpp">
      <Filter>Source Files</Filter>
    </ClCompile>
    <ClCompile Include="ImGUI-1.88\imgui_draw.cpp">
      <Filter>Source Files</Filter>
    </ClCompile>
    <ClCompile Include="ImGUI-1.88\imgui_tables.cpp">
      <Filter>Source Files</Filter>
    </ClCompile>
    <ClCompile Include="ImGUI-1.88\imgui_widgets.cpp">
      <Filter>Source Files</Filter>
    </ClCompile>
    <ClCompile Include="ImGUI-1.88\imgui-SFML.cpp">
      <Filter>Source Files</Filter>
    </ClCompile>
    <ClCompile Include="mediaManager.cpp">
      <Filter>Source Files</Filter>
    </ClCompile>
  </ItemGroup>
  <ItemGroup>
    <ClInclude Include="mediaManager.h">
      <Filter>Source Files</Filter>
    </ClInclude>
    <ClInclude Include="grid.h">
      <Filter>Source Files\map\grid</Filter>
    </ClInclude>
    <ClInclude Include="Renderer.h">
      <Filter>Source Files\view</Filter>
    </ClInclude>
    <ClInclude Include="MathMethods.h">
      <Filter>Source Files</Filter>
    </ClInclude>
    <ClInclude Include="Controller.h">
      <Filter>Source Files\controller</Filter>
    </ClInclude>
    <ClInclude Include="MapParser.h">
      <Filter>Source Files\map\mapParser</Filter>
    </ClInclude>
    <ClInclude Include="Camera.h">
      <Filter>Source Files\view\camera</Filter>
    </ClInclude>
    <ClInclude Include="Model.h">
      <Filter>Source Files\model</Filter>
    </ClInclude>
    <ClInclude Include="Player.h">
      <Filter>Source Files\model</Filter>
    </ClInclude>
    <ClInclude Include="CtrlPawn.h">
      <Filter>Source Files\model</Filter>
    </ClInclude>
    <ClInclude Include="Ray.h">
      <Filter>Source Files\view\camera</Filter>
    </ClInclude>
    <ClInclude Include="Cell.h">
      <Filter>Source Files\map\grid</Filter>
    </ClInclude>
    <ClInclude Include="ImGUI-1.88\imconfig.h">
      <Filter>Header Files</Filter>
    </ClInclude>
    <ClInclude Include="ImGUI-1.88\imconfig-SFML.h">
      <Filter>Header Files</Filter>
    </ClInclude>
    <ClInclude Include="ImGUI-1.88\imgui.h">
      <Filter>Header Files</Filter>
    </ClInclude>
    <ClInclude Include="ImGUI-1.88\imgui_internal.h">
      <Filter>Header Files</Filter>
    </ClInclude>
    <ClInclude Include="ImGUI-1.88\imgui-SFML.h">
      <Filter>Header Files</Filter>
    </ClInclude>
    <ClInclude Include="ImGUI-1.88\imgui-SFML_export.h">
      <Filter>Header Files</Filter>
    </ClInclude>
    <ClInclude Include="ImGUI-1.88\imstb_rectpack.h">
      <Filter>Header Files</Filter>
    </ClInclude>
    <ClInclude Include="ImGUI-1.88\imstb_textedit.h">
      <Filter>Header Files</Filter>
    </ClInclude>
    <ClInclude Include="ImGUI-1.88\imstb_truetype.h">
      <Filter>Header Files</Filter>
    </ClInclude>
  </ItemGroup>
</Project>