<?xml version="1.0" encoding="utf-8"?>
<Project ToolsVersion="4.0" xmlns="http://schemas.microsoft.com/developer/msbuild/2003">
  <ItemGroup>
    <Filter Include="Source Files">
      <UniqueIdentifier>{4FC737F1-C7A5-4376-A066-2A32D752A2FF}</UniqueIdentifier>
      <Extensions>cpp;c;cc;cxx;c++;cppm;ixx;def;odl;idl;hpj;bat;asm;asmx</Extensions>
    </Filter>
    <Filter Include="Header Files">
      <UniqueIdentifier>{93995380-89BD-4b04-88EB-625FBE52EBFB}</UniqueIdentifier>
      <Extensions>h;hh;hpp;hxx;h++;hm;inl;inc;ipp;xsd</Extensions>
    </Filter>
    <Filter Include="Resource Files">
      <UniqueIdentifier>{67DA6AB6-F800-4c08-8B7A-83BB121AAD01}</UniqueIdentifier>
      <Extensions>rc;ico;cur;bmp;dlg;rc2;rct;bin;rgs;gif;jpg;jpeg;jpe;resx;tiff;tif;png;wav;mfcribbon-ms</Extensions>
    </Filter>
    <Filter Include="Source Files\camera">
      <UniqueIdentifier>{b42efac0-ab38-4139-8cb4-d6a55d28c646}</UniqueIdentifier>
    </Filter>
    <Filter Include="Source Files\view">
      <UniqueIdentifier>{84c9edab-c61d-4cfd-91b6-b1d73ae380bd}</UniqueIdentifier>
    </Filter>
    <Filter Include="Source Files\map">
      <UniqueIdentifier>{f9a01ea8-6d6e-4742-bef8-a6220a622221}</UniqueIdentifier>
    </Filter>
    <Filter Include="Source Files\map\grid">
      <UniqueIdentifier>{9d4286bb-083a-4ddb-97c7-707e5196b4a1}</UniqueIdentifier>
    </Filter>
  </ItemGroup>
  <ItemGroup>
    <ClCompile Include="Main.cpp">
      <Filter>Source Files</Filter>
    </ClCompile>
    <ClCompile Include="Grid.cpp">
      <Filter>Source Files\map\grid</Filter>
    </ClCompile>
    <ClCompile Include="Camera.cpp">
      <Filter>Source Files\camera</Filter>
    </ClCompile>
    <ClCompile Include="view.cpp">
      <Filter>Source Files\view</Filter>
    </ClCompile>
    <ClCompile Include="MapParser.cpp">
      <Filter>Source Files\map</Filter>
    </ClCompile>
  </ItemGroup>
  <ItemGroup>
    <ClInclude Include="vec.h">
      <Filter>Source Files</Filter>
    </ClInclude>
    <ClInclude Include="texture_loader.h">
      <Filter>Source Files</Filter>
    </ClInclude>
    <ClInclude Include="Grid.h">
      <Filter>Source Files\map\grid</Filter>
    </ClInclude>
    <ClInclude Include="Camera.h">
      <Filter>Source Files\camera</Filter>
    </ClInclude>
    <ClInclude Include="view.h">
      <Filter>Source Files\view</Filter>
    </ClInclude>
    <ClInclude Include="MapParser.h">
      <Filter>Source Files\map</Filter>
    </ClInclude>
  </ItemGroup>
</Project>